
Microsoft Visual Studio Solution File, Format Version 12.00
# Visual Studio 15
VisualStudioVersion = 15.0.28307.852
MinimumVisualStudioVersion = 10.0.40219.1
Project("{FAE04EC0-301F-11D3-BF4B-00C04F79EFBC}") = "MailSender", "MailSender\MailSender.csproj", "{739D8424-2E1D-46A0-AEC3-C86F49AC012E}"
EndProject
Project("{2150E333-8FDC-42A3-9474-1A3956D46DE8}") = "Tests", "Tests", "{17532775-C674-40C1-9DD7-90EB5C6C7AD5}"
EndProject
Project("{FAE04EC0-301F-11D3-BF4B-00C04F79EFBC}") = "MailSender.ConsoleTest", "Tests\MailSender.ConsoleTest\MailSender.ConsoleTest.csproj", "{440D89A0-385F-462B-BBE8-BF7CFEA70A21}"
EndProject
Project("{FAE04EC0-301F-11D3-BF4B-00C04F79EFBC}") = "MailSender.WPFTest", "Tests\MailSender.WPFTest\MailSender.WPFTest.csproj", "{A4B32947-1502-44D9-BAAA-F1F13AB59297}"
EndProject
Project("{FAE04EC0-301F-11D3-BF4B-00C04F79EFBC}") = "MailSender.lib", "MailSender.lib\MailSender.lib.csproj", "{5429AA5A-1C9A-41F9-A56C-1F6B945D1417}"
EndProject
Project("{FAE04EC0-301F-11D3-BF4B-00C04F79EFBC}") = "MailSender.WPFTest1", "MailSender.WPFTest1\MailSender.WPFTest1.csproj", "{D93C3A8D-F0C4-491B-8DC0-BA320F47C136}"
EndProject
Project("{FAE04EC0-301F-11D3-BF4B-00C04F79EFBC}") = "MailSender.lib.Tests", "Tests\MailSender.lib.Tests\MailSender.lib.Tests.csproj", "{287A739B-FC4B-4ABD-A7F7-3F132D0981F3}"
EndProject
Global
	GlobalSection(SolutionConfigurationPlatforms) = preSolution
		Debug|Any CPU = Debug|Any CPU
		Release|Any CPU = Release|Any CPU
	EndGlobalSection
	GlobalSection(ProjectConfigurationPlatforms) = postSolution
		{739D8424-2E1D-46A0-AEC3-C86F49AC012E}.Debug|Any CPU.ActiveCfg = Debug|Any CPU
		{739D8424-2E1D-46A0-AEC3-C86F49AC012E}.Debug|Any CPU.Build.0 = Debug|Any CPU
		{739D8424-2E1D-46A0-AEC3-C86F49AC012E}.Release|Any CPU.ActiveCfg = Release|Any CPU
		{739D8424-2E1D-46A0-AEC3-C86F49AC012E}.Release|Any CPU.Build.0 = Release|Any CPU
		{440D89A0-385F-462B-BBE8-BF7CFEA70A21}.Debug|Any CPU.ActiveCfg = Debug|Any CPU
		{440D89A0-385F-462B-BBE8-BF7CFEA70A21}.Debug|Any CPU.Build.0 = Debug|Any CPU
		{440D89A0-385F-462B-BBE8-BF7CFEA70A21}.Release|Any CPU.ActiveCfg = Release|Any CPU
		{440D89A0-385F-462B-BBE8-BF7CFEA70A21}.Release|Any CPU.Build.0 = Release|Any CPU
		{A4B32947-1502-44D9-BAAA-F1F13AB59297}.Debug|Any CPU.ActiveCfg = Debug|Any CPU
		{A4B32947-1502-44D9-BAAA-F1F13AB59297}.Debug|Any CPU.Build.0 = Debug|Any CPU
		{A4B32947-1502-44D9-BAAA-F1F13AB59297}.Release|Any CPU.ActiveCfg = Release|Any CPU
		{A4B32947-1502-44D9-BAAA-F1F13AB59297}.Release|Any CPU.Build.0 = Release|Any CPU
		{5429AA5A-1C9A-41F9-A56C-1F6B945D1417}.Debug|Any CPU.ActiveCfg = Debug|Any CPU
		{5429AA5A-1C9A-41F9-A56C-1F6B945D1417}.Debug|Any CPU.Build.0 = Debug|Any CPU
		{5429AA5A-1C9A-41F9-A56C-1F6B945D1417}.Release|Any CPU.ActiveCfg = Release|Any CPU
		{5429AA5A-1C9A-41F9-A56C-1F6B945D1417}.Release|Any CPU.Build.0 = Release|Any CPU
		{D93C3A8D-F0C4-491B-8DC0-BA320F47C136}.Debug|Any CPU.ActiveCfg = Debug|Any CPU
		{D93C3A8D-F0C4-491B-8DC0-BA320F47C136}.Debug|Any CPU.Build.0 = Debug|Any CPU
		{D93C3A8D-F0C4-491B-8DC0-BA320F47C136}.Release|Any CPU.ActiveCfg = Release|Any CPU
		{D93C3A8D-F0C4-491B-8DC0-BA320F47C136}.Release|Any CPU.Build.0 = Release|Any CPU
		{287A739B-FC4B-4ABD-A7F7-3F132D0981F3}.Debug|Any CPU.ActiveCfg = Debug|Any CPU
		{287A739B-FC4B-4ABD-A7F7-3F132D0981F3}.Debug|Any CPU.Build.0 = Debug|Any CPU
		{287A739B-FC4B-4ABD-A7F7-3F132D0981F3}.Release|Any CPU.ActiveCfg = Release|Any CPU
		{287A739B-FC4B-4ABD-A7F7-3F132D0981F3}.Release|Any CPU.Build.0 = Release|Any CPU
	EndGlobalSection
	GlobalSection(SolutionProperties) = preSolution
		HideSolutionNode = FALSE
	EndGlobalSection
	GlobalSection(NestedProjects) = preSolution
		{440D89A0-385F-462B-BBE8-BF7CFEA70A21} = {17532775-C674-40C1-9DD7-90EB5C6C7AD5}
		{A4B32947-1502-44D9-BAAA-F1F13AB59297} = {17532775-C674-40C1-9DD7-90EB5C6C7AD5}
		{D93C3A8D-F0C4-491B-8DC0-BA320F47C136} = {17532775-C674-40C1-9DD7-90EB5C6C7AD5}
		{287A739B-FC4B-4ABD-A7F7-3F132D0981F3} = {17532775-C674-40C1-9DD7-90EB5C6C7AD5}
	EndGlobalSection
	GlobalSection(ExtensibilityGlobals) = postSolution
		SolutionGuid = {39F73B06-E0A1-49E3-B78F-DA687FDFE2DC}
	EndGlobalSection
EndGlobal
